
Microsoft Visual Studio Solution File, Format Version 12.00
# Visual Studio 15
VisualStudioVersion = 15.0.27130.2010
MinimumVisualStudioVersion = 10.0.40219.1
Project("{FAE04EC0-301F-11D3-BF4B-00C04F79EFBC}") = "Terminal", "Terminal\Terminal.csproj", "{9376DF18-B103-400F-815B-73E9DCBAB153}"
EndProject
Global
	GlobalSection(SolutionConfigurationPlatforms) = preSolution
		Debug|Any CPU = Debug|Any CPU
		Release|Any CPU = Release|Any CPU
	EndGlobalSection
	GlobalSection(ProjectConfigurationPlatforms) = postSolution
		{9376DF18-B103-400F-815B-73E9DCBAB153}.Debug|Any CPU.ActiveCfg = Debug|Any CPU
		{9376DF18-B103-400F-815B-73E9DCBAB153}.Debug|Any CPU.Build.0 = Debug|Any CPU
		{9376DF18-B103-400F-815B-73E9DCBAB153}.Release|Any CPU.ActiveCfg = Release|Any CPU
		{9376DF18-B103-400F-815B-73E9DCBAB153}.Release|Any CPU.Build.0 = Release|Any CPU
	EndGlobalSection
	GlobalSection(SolutionProperties) = preSolution
		HideSolutionNode = FALSE
	EndGlobalSection
	GlobalSection(ExtensibilityGlobals) = postSolution
		SolutionGuid = {1560CE9A-78CA-491D-AD55-71102A2248DC}
	EndGlobalSection
EndGlobal
